
Microsoft Visual Studio Solution File, Format Version 12.00
# Visual Studio Version 17
VisualStudioVersion = 17.9.34902.65
MinimumVisualStudioVersion = 10.0.40219.1
Project("{FAE04EC0-301F-11D3-BF4B-00C04F79EFBC}") = "Frontend", "Frontend\Frontend.csproj", "{3562C305-A0DB-4F4B-B952-C676FC31168A}"
EndProject
Global
	GlobalSection(SolutionConfigurationPlatforms) = preSolution
		Debug|Any CPU = Debug|Any CPU
		Release|Any CPU = Release|Any CPU
	EndGlobalSection
	GlobalSection(ProjectConfigurationPlatforms) = postSolution
		{3562C305-A0DB-4F4B-B952-C676FC31168A}.Debug|Any CPU.ActiveCfg = Debug|Any CPU
		{3562C305-A0DB-4F4B-B952-C676FC31168A}.Debug|Any CPU.Build.0 = Debug|Any CPU
		{3562C305-A0DB-4F4B-B952-C676FC31168A}.Release|Any CPU.ActiveCfg = Release|Any CPU
		{3562C305-A0DB-4F4B-B952-C676FC31168A}.Release|Any CPU.Build.0 = Release|Any CPU
	EndGlobalSection
	GlobalSection(SolutionProperties) = preSolution
		HideSolutionNode = FALSE
	EndGlobalSection
	GlobalSection(ExtensibilityGlobals) = postSolution
		SolutionGuid = {23390070-FB61-498F-8233-5103B14A2CF7}
	EndGlobalSection
EndGlobal
